
Microsoft Visual Studio Solution File, Format Version 12.00
# Visual Studio Version 17
VisualStudioVersion = 17.14.37216.2 d17.14
MinimumVisualStudioVersion = 10.0.40219.1
Project("{FAE04EC0-301F-11D3-BF4B-00C04F79EFBC}") = "Diogenes.Web", "Diogenes.Web\Diogenes.Web.csproj", "{6FDAB9EF-2B19-4C3F-8EBF-3B325578A0DE}"
EndProject
Global
	GlobalSection(SolutionConfigurationPlatforms) = preSolution
		Debug|Any CPU = Debug|Any CPU
		Release|Any CPU = Release|Any CPU
	EndGlobalSection
	GlobalSection(ProjectConfigurationPlatforms) = postSolution
		{6FDAB9EF-2B19-4C3F-8EBF-3B325578A0DE}.Debug|Any CPU.ActiveCfg = Debug|Any CPU
		{6FDAB9EF-2B19-4C3F-8EBF-3B325578A0DE}.Debug|Any CPU.Build.0 = Debug|Any CPU
		{6FDAB9EF-2B19-4C3F-8EBF-3B325578A0DE}.Release|Any CPU.ActiveCfg = Release|Any CPU
		{6FDAB9EF-2B19-4C3F-8EBF-3B325578A0DE}.Release|Any CPU.Build.0 = Release|Any CPU
	EndGlobalSection
	GlobalSection(SolutionProperties) = preSolution
		HideSolutionNode = FALSE
	EndGlobalSection
	GlobalSection(ExtensibilityGlobals) = postSolution
		SolutionGuid = {6560A1AF-63CA-4584-9A6D-8A1D2042481C}
	EndGlobalSection
EndGlobal
